
Microsoft Visual Studio Solution File, Format Version 12.00
# Visual Studio Version 17
VisualStudioVersion = 17.14.36518.9
MinimumVisualStudioVersion = 10.0.40219.1
Project("{FAE04EC0-301F-11D3-BF4B-00C04F79EFBC}") = "TrafficEscape2", "TrafficEscape2.csproj", "{DC62E99F-A85C-435F-AA40-A7AA5BABF487}"
EndProject
Global
	GlobalSection(SolutionConfigurationPlatforms) = preSolution
		Debug|Any CPU = Debug|Any CPU
		Release|Any CPU = Release|Any CPU
	EndGlobalSection
	GlobalSection(ProjectConfigurationPlatforms) = postSolution
		{DC62E99F-A85C-435F-AA40-A7AA5BABF487}.Debug|Any CPU.ActiveCfg = Debug|Any CPU
		{DC62E99F-A85C-435F-AA40-A7AA5BABF487}.Debug|Any CPU.Build.0 = Debug|Any CPU
		{DC62E99F-A85C-435F-AA40-A7AA5BABF487}.Debug|Any CPU.Deploy.0 = Debug|Any CPU
		{DC62E99F-A85C-435F-AA40-A7AA5BABF487}.Release|Any CPU.ActiveCfg = Release|Any CPU
		{DC62E99F-A85C-435F-AA40-A7AA5BABF487}.Release|Any CPU.Build.0 = Release|Any CPU
	EndGlobalSection
	GlobalSection(SolutionProperties) = preSolution
		HideSolutionNode = FALSE
	EndGlobalSection
	GlobalSection(ExtensibilityGlobals) = postSolution
		SolutionGuid = {69768BB0-B980-460D-B7B6-4276624A7B1A}
	EndGlobalSection
EndGlobal
